<?xml version="1.0" encoding="utf-8"?>
<Project ToolsVersion="4.0" xmlns="http://schemas.microsoft.com/developer/msbuild/2003">
  <ItemGroup>
    <Filter Include="Quelldateien">
      <UniqueIdentifier>{4FC737F1-C7A5-4376-A066-2A32D752A2FF}</UniqueIdentifier>
      <Extensions>cpp;c;cc;cxx;c++;cppm;ixx;def;odl;idl;hpj;bat;asm;asmx</Extensions>
    </Filter>
    <Filter Include="Headerdateien">
      <UniqueIdentifier>{93995380-89BD-4b04-88EB-625FBE52EBFB}</UniqueIdentifier>
      <Extensions>h;hh;hpp;hxx;h++;hm;inl;inc;ipp;xsd</Extensions>
    </Filter>
    <Filter Include="Ressourcendateien">
      <UniqueIdentifier>{67DA6AB6-F800-4c08-8B7A-83BB121AAD01}</UniqueIdentifier>
      <Extensions>rc;ico;cur;bmp;dlg;rc2;rct;bin;rgs;gif;jpg;jpeg;jpe;resx;tiff;tif;png;wav;mfcribbon-ms</Extensions>
    </Filter>
    <Filter Include="Jenkyll-Site-Files">
      <UniqueIdentifier>{a56e2c94-5e82-488c-99d2-e20572309055}</UniqueIdentifier>
    </Filter>
  </ItemGroup>
  <ItemGroup>
    <ClInclude Include="framework.h">
      <Filter>Headerdateien</Filter>
    </ClInclude>
    <ClInclude Include="targetver.h">
      <Filter>Headerdateien</Filter>
    </ClInclude>
    <ClInclude Include="Resource.h">
      <Filter>Headerdateien</Filter>
    </ClInclude>
    <ClInclude Include="Vardian.h">
      <Filter>Headerdateien</Filter>
    </ClInclude>
    <ClInclude Include="src\cjson\cJSON.h">
      <Filter>Headerdateien</Filter>
    </ClInclude>
    <ClInclude Include="src\math\m_api.h">
      <Filter>Headerdateien</Filter>
    </ClInclude>
    <ClInclude Include="src\math\m_eigen_interop.hpp">
      <Filter>Headerdateien</Filter>
    </ClInclude>
    <ClInclude Include="src\math\m_filter_fifo.h">
      <Filter>Headerdateien</Filter>
    </ClInclude>
    <ClInclude Include="src\math\m_imu_3dof.h">
      <Filter>Headerdateien</Filter>
    </ClInclude>
    <ClInclude Include="src\math\m_mathinclude.h">
      <Filter>Headerdateien</Filter>
    </ClInclude>
    <ClInclude Include="src\math\m_predict.h">
      <Filter>Headerdateien</Filter>
    </ClInclude>
    <ClInclude Include="src\math\m_vec2.h">
      <Filter>Headerdateien</Filter>
    </ClInclude>
    <ClInclude Include="src\math\m_vec3.h">
      <Filter>Headerdateien</Filter>
    </ClInclude>
    <ClInclude Include="src\os\os_threading.h">
      <Filter>Headerdateien</Filter>
    </ClInclude>
    <ClInclude Include="src\os\os_time.h">
      <Filter>Headerdateien</Filter>
    </ClInclude>
    <ClInclude Include="src\util\u_debug.h">
      <Filter>Headerdateien</Filter>
    </ClInclude>
    <ClInclude Include="src\util\u_device.h">
      <Filter>Headerdateien</Filter>
    </ClInclude>
    <ClInclude Include="src\util\u_distortion.h">
      <Filter>Headerdateien</Filter>
    </ClInclude>
    <ClInclude Include="src\util\u_distortion_mesh.h">
      <Filter>Headerdateien</Filter>
    </ClInclude>
    <ClInclude Include="src\util\u_format.h">
      <Filter>Headerdateien</Filter>
    </ClInclude>
    <ClInclude Include="src\util\u_frame.h">
      <Filter>Headerdateien</Filter>
    </ClInclude>
    <ClInclude Include="src\util\u_json.h">
      <Filter>Headerdateien</Filter>
    </ClInclude>
    <ClInclude Include="src\util\u_json.hpp">
      <Filter>Headerdateien</Filter>
    </ClInclude>
    <ClInclude Include="src\util\u_logging.h">
      <Filter>Headerdateien</Filter>
    </ClInclude>
    <ClInclude Include="src\util\u_misc.h">
      <Filter>Headerdateien</Filter>
    </ClInclude>
    <ClInclude Include="src\util\u_time.h">
      <Filter>Headerdateien</Filter>
    </ClInclude>
    <ClInclude Include="src\util\u_trace_marker.h">
      <Filter>Headerdateien</Filter>
    </ClInclude>
    <ClInclude Include="src\util\u_truncate_printf.h">
      <Filter>Headerdateien</Filter>
    </ClInclude>
    <ClInclude Include="src\util\u_var.h">
      <Filter>Headerdateien</Filter>
    </ClInclude>
    <ClInclude Include="src\xrt\xrt_compiler.h">
      <Filter>Headerdateien</Filter>
    </ClInclude>
    <ClInclude Include="src\xrt\xrt_config_build.h">
      <Filter>Headerdateien</Filter>
    </ClInclude>
    <ClInclude Include="src\xrt\xrt_config_have.h">
      <Filter>Headerdateien</Filter>
    </ClInclude>
    <ClInclude Include="src\xrt\xrt_config_os.h">
      <Filter>Headerdateien</Filter>
    </ClInclude>
    <ClInclude Include="src\xrt\xrt_defines.h">
      <Filter>Headerdateien</Filter>
    </ClInclude>
    <ClInclude Include="src\xrt\xrt_device.h">
      <Filter>Headerdateien</Filter>
    </ClInclude>
    <ClInclude Include="src\xrt\xrt_device.hpp">
      <Filter>Headerdateien</Filter>
    </ClInclude>
    <ClInclude Include="src\xrt\xrt_frame.h">
      <Filter>Headerdateien</Filter>
    </ClInclude>
    <ClInclude Include="src\xrt\xrt_prober.h">
      <Filter>Headerdateien</Filter>
    </ClInclude>
    <ClInclude Include="src\xrt\xrt_results.h">
      <Filter>Headerdateien</Filter>
    </ClInclude>
    <ClInclude Include="src\xrt\xrt_tracking.h">
      <Filter>Headerdateien</Filter>
    </ClInclude>
    <ClInclude Include="src\xrt\xrt_windows.h">
      <Filter>Headerdateien</Filter>
    </ClInclude>
    <ClInclude Include="src\rokid_interface.h">
      <Filter>Headerdateien</Filter>
    </ClInclude>
    <ClInclude Include="Header.h">
      <Filter>Headerdateien</Filter>
    </ClInclude>
  </ItemGroup>
  <ItemGroup>
    <ClCompile Include="Vardian.cpp">
      <Filter>Quelldateien</Filter>
    </ClCompile>
    <ClCompile Include="src\cjson\cJSON.c">
      <Filter>Quelldateien</Filter>
    </ClCompile>
    <ClCompile Include="src\math\m_base.cpp">
      <Filter>Quelldateien</Filter>
    </ClCompile>
    <ClCompile Include="src\math\m_filter_fifo.c">
      <Filter>Quelldateien</Filter>
    </ClCompile>
    <ClCompile Include="src\math\m_imu_3dof.c">
      <Filter>Quelldateien</Filter>
    </ClCompile>
    <ClCompile Include="src\math\m_optics.c">
      <Filter>Quelldateien</Filter>
    </ClCompile>
    <ClCompile Include="src\math\m_predict.c">
      <Filter>Quelldateien</Filter>
    </ClCompile>
    <ClCompile Include="src\math\m_quatexpmap.cpp">
      <Filter>Quelldateien</Filter>
    </ClCompile>
    <ClCompile Include="src\os\os_time.cpp">
      <Filter>Quelldateien</Filter>
    </ClCompile>
    <ClCompile Include="src\util\u_debug.c">
      <Filter>Quelldateien</Filter>
    </ClCompile>
    <ClCompile Include="src\util\u_device.c">
      <Filter>Quelldateien</Filter>
    </ClCompile>
    <ClCompile Include="src\util\u_distortion.c">
      <Filter>Quelldateien</Filter>
    </ClCompile>
    <ClCompile Include="src\util\u_distortion_mesh.c">
      <Filter>Quelldateien</Filter>
    </ClCompile>
    <ClCompile Include="src\util\u_format.c">
      <Filter>Quelldateien</Filter>
    </ClCompile>
    <ClCompile Include="src\util\u_frame.c">
      <Filter>Quelldateien</Filter>
    </ClCompile>
    <ClCompile Include="src\util\u_logging.c">
      <Filter>Quelldateien</Filter>
    </ClCompile>
    <ClCompile Include="src\util\u_misc.c">
      <Filter>Quelldateien</Filter>
    </ClCompile>
    <ClCompile Include="src\util\u_time.cpp">
      <Filter>Quelldateien</Filter>
    </ClCompile>
    <ClCompile Include="src\util\u_trace_marker.c">
      <Filter>Quelldateien</Filter>
    </ClCompile>
    <ClCompile Include="src\util\u_var.cpp">
      <Filter>Quelldateien</Filter>
    </ClCompile>
    <ClCompile Include="src\rokid_hmd.c">
      <Filter>Quelldateien</Filter>
    </ClCompile>
    <ClCompile Include="Quelle.cpp">
      <Filter>Quelldateien</Filter>
    </ClCompile>
    <ClCompile Include="Quelle1.cpp">
      <Filter>Quelldateien</Filter>
    </ClCompile>
  </ItemGroup>
  <ItemGroup>
    <ResourceCompile Include="Vardian.rc">
      <Filter>Ressourcendateien</Filter>
    </ResourceCompile>
  </ItemGroup>
  <ItemGroup>
    <Image Include="small.ico">
      <Filter>Ressourcendateien</Filter>
    </Image>
    <Image Include="Vardian.ico">
      <Filter>Ressourcendateien</Filter>
    </Image>
  </ItemGroup>
  <ItemGroup>
    <None Include="README.md" />
    <None Include="vcpkg.json" />
    <None Include="docs\_config.yml">
      <Filter>Jenkyll-Site-Files</Filter>
    </None>
    <None Include="docs\index.md">
      <Filter>Jenkyll-Site-Files</Filter>
    </None>
  </ItemGroup>
  <ItemGroup>
    <Text Include="LICENSE.txt" />
  </ItemGroup>
</Project>